
Microsoft Visual Studio Solution File, Format Version 12.00
# Visual Studio Version 17
VisualStudioVersion = 17.9.34902.65
MinimumVisualStudioVersion = 10.0.40219.1
Project("{8BC9CEB8-8B4A-11D0-8D11-00A0C91BC942}") = "Equation Solver", "Equation Solver\Equation Solver.vcxproj", "{51224AA4-C00B-4922-9A0D-3A07A2E09600}"
EndProject
Global
	GlobalSection(SolutionConfigurationPlatforms) = preSolution
		Debug|x64 = Debug|x64
		Debug|x86 = Debug|x86
		Release|x64 = Release|x64
		Release|x86 = Release|x86
	EndGlobalSection
	GlobalSection(ProjectConfigurationPlatforms) = postSolution
		{51224AA4-C00B-4922-9A0D-3A07A2E09600}.Debug|x64.ActiveCfg = Debug|x64
		{51224AA4-C00B-4922-9A0D-3A07A2E09600}.Debug|x64.Build.0 = Debug|x64
		{51224AA4-C00B-4922-9A0D-3A07A2E09600}.Debug|x86.ActiveCfg = Debug|Win32
		{51224AA4-C00B-4922-9A0D-3A07A2E09600}.Debug|x86.Build.0 = Debug|Win32
		{51224AA4-C00B-4922-9A0D-3A07A2E09600}.Release|x64.ActiveCfg = Release|x64
		{51224AA4-C00B-4922-9A0D-3A07A2E09600}.Release|x64.Build.0 = Release|x64
		{51224AA4-C00B-4922-9A0D-3A07A2E09600}.Release|x86.ActiveCfg = Release|Win32
		{51224AA4-C00B-4922-9A0D-3A07A2E09600}.Release|x86.Build.0 = Release|Win32
	EndGlobalSection
	GlobalSection(SolutionProperties) = preSolution
		HideSolutionNode = FALSE
	EndGlobalSection
	GlobalSection(ExtensibilityGlobals) = postSolution
		SolutionGuid = {3FA9A200-942A-495B-BA6F-E53BD546FB0E}
	EndGlobalSection
EndGlobal
